// !$*UTF8*$!
{
	archiveVersion = 1;
	classes = {
	};
	objectVersion = 46;
	objects = {

/* Begin PBXBuildFile section */
		34430E72EDCBBC5970431C2F /* Pods_Adbusters.framework in Frameworks */ = {isa = PBXBuildFile; fileRef = E12C8CCB0075BCA4D1AB8846 /* Pods_Adbusters.framework */; };
		D00F54F6217BC5EE00D11A5B /* UIDropDownTextField.swift in Sources */ = {isa = PBXBuildFile; fileRef = D00F54F5217BC5EE00D11A5B /* UIDropDownTextField.swift */; };
		D00F54F8217BC8A100D11A5B /* Assets.xcassets in Resources */ = {isa = PBXBuildFile; fileRef = D00F54F7217BC8A100D11A5B /* Assets.xcassets */; };
		D00F54FA217CFBCE00D11A5B /* PartiesViewController.swift in Sources */ = {isa = PBXBuildFile; fileRef = D00F54F9217CFBCD00D11A5B /* PartiesViewController.swift */; };
		D00F54FC217CFC1200D11A5B /* PoliticiansViewController.swift in Sources */ = {isa = PBXBuildFile; fileRef = D00F54FB217CFC1200D11A5B /* PoliticiansViewController.swift */; };
		D00F54FE217D006A00D11A5B /* PartyTableViewCell.swift in Sources */ = {isa = PBXBuildFile; fileRef = D00F54FD217D006A00D11A5B /* PartyTableViewCell.swift */; };
		D00F5500217D008B00D11A5B /* PoliticianTableViewCell.swift in Sources */ = {isa = PBXBuildFile; fileRef = D00F54FF217D008B00D11A5B /* PoliticianTableViewCell.swift */; };
		D00F5503217FB3E600D11A5B /* ShadowButton.swift in Sources */ = {isa = PBXBuildFile; fileRef = D00F5502217FB3E500D11A5B /* ShadowButton.swift */; };
		D00F5505217FBEC700D11A5B /* InstructionsViewController.swift in Sources */ = {isa = PBXBuildFile; fileRef = D00F5504217FBEC700D11A5B /* InstructionsViewController.swift */; };
		D01B08FD21B3357500961F29 /* Api.swift in Sources */ = {isa = PBXBuildFile; fileRef = D01B08FC21B3357500961F29 /* Api.swift */; };
		D036A42D21811A5200DC8F3C /* SingleAdCollectionViewCell.swift in Sources */ = {isa = PBXBuildFile; fileRef = D036A42C21811A5200DC8F3C /* SingleAdCollectionViewCell.swift */; };
		D036A42F21811A9000DC8F3C /* SingleAdViewController.swift in Sources */ = {isa = PBXBuildFile; fileRef = D036A42E21811A9000DC8F3C /* SingleAdViewController.swift */; };
		D0749C842174B320005CABC3 /* LoginViewController.swift in Sources */ = {isa = PBXBuildFile; fileRef = D0749C832174B320005CABC3 /* LoginViewController.swift */; };
		D0749C862174B32F005CABC3 /* RegisterViewController.swift in Sources */ = {isa = PBXBuildFile; fileRef = D0749C852174B32F005CABC3 /* RegisterViewController.swift */; };
		D0766D0821C09DE7000A4F19 /* AdsTableViewCell.swift in Sources */ = {isa = PBXBuildFile; fileRef = D0766D0721C09DE7000A4F19 /* AdsTableViewCell.swift */; };
		D084447321750E1D0085A8BA /* SegueFromLeft.swift in Sources */ = {isa = PBXBuildFile; fileRef = D084447121750E1D0085A8BA /* SegueFromLeft.swift */; };
		D084447421750E1D0085A8BA /* SegueFromRight.swift in Sources */ = {isa = PBXBuildFile; fileRef = D084447221750E1D0085A8BA /* SegueFromRight.swift */; };
		D084447621751ED50085A8BA /* MapViewController.swift in Sources */ = {isa = PBXBuildFile; fileRef = D084447521751ED50085A8BA /* MapViewController.swift */; };
		D08873612174A4B8008C8B71 /* AppDelegate.swift in Sources */ = {isa = PBXBuildFile; fileRef = D08873602174A4B8008C8B71 /* AppDelegate.swift */; };
		D08873632174A4B8008C8B71 /* ViewController.swift in Sources */ = {isa = PBXBuildFile; fileRef = D08873622174A4B8008C8B71 /* ViewController.swift */; };
		D08873662174A4B8008C8B71 /* Main.storyboard in Resources */ = {isa = PBXBuildFile; fileRef = D08873642174A4B8008C8B71 /* Main.storyboard */; };
		D08873692174A4B8008C8B71 /* Adbusters.xcdatamodeld in Sources */ = {isa = PBXBuildFile; fileRef = D08873672174A4B8008C8B71 /* Adbusters.xcdatamodeld */; };
		D088736E2174A4B9008C8B71 /* LaunchScreen.storyboard in Resources */ = {isa = PBXBuildFile; fileRef = D088736C2174A4B9008C8B71 /* LaunchScreen.storyboard */; };
		D088737B2174AE85008C8B71 /* WelcomeViewController.swift in Sources */ = {isa = PBXBuildFile; fileRef = D088737A2174AE85008C8B71 /* WelcomeViewController.swift */; };
		D0AF7F2521A2036400316D4D /* AdsModel.swift in Sources */ = {isa = PBXBuildFile; fileRef = D0AF7F2421A2036400316D4D /* AdsModel.swift */; };
		D0BBF77821BC2E9100A80F9C /* SingleMarkerViewController.swift in Sources */ = {isa = PBXBuildFile; fileRef = D0BBF77721BC2E9100A80F9C /* SingleMarkerViewController.swift */; };
		D0BBF77A21BD4E0300A80F9C /* MulltipleMarkersViewController.swift in Sources */ = {isa = PBXBuildFile; fileRef = D0BBF77921BD4E0300A80F9C /* MulltipleMarkersViewController.swift */; };
		D0C487E8218245C700D106BD /* SingleAdImageViewController.swift in Sources */ = {isa = PBXBuildFile; fileRef = D0C487E7218245C700D106BD /* SingleAdImageViewController.swift */; };
		D0C487EA2182519500D106BD /* AddCustomLocationViewController.swift in Sources */ = {isa = PBXBuildFile; fileRef = D0C487E92182519500D106BD /* AddCustomLocationViewController.swift */; };
		D0E3C350218E53B300FD310A /* PartyAndPolitician.swift in Sources */ = {isa = PBXBuildFile; fileRef = D0E3C34F218E53B300FD310A /* PartyAndPolitician.swift */; };
		D0E3C353218F4DB200FD310A /* Helpers.swift in Sources */ = {isa = PBXBuildFile; fileRef = D0E3C352218F4DB200FD310A /* Helpers.swift */; };
		D0EBA435217526ED003CCBDC /* RoundShadowView.swift in Sources */ = {isa = PBXBuildFile; fileRef = D0EBA434217526ED003CCBDC /* RoundShadowView.swift */; };
		D0EBA43721752FCD003CCBDC /* MapKit.framework in Frameworks */ = {isa = PBXBuildFile; fileRef = D0EBA43621752FCD003CCBDC /* MapKit.framework */; };
		D0EBA43921753AFF003CCBDC /* CoreLocation.framework in Frameworks */ = {isa = PBXBuildFile; fileRef = D0EBA43821753AFE003CCBDC /* CoreLocation.framework */; };
		D0EBA43B2176F617003CCBDC /* ProfileViewController.swift in Sources */ = {isa = PBXBuildFile; fileRef = D0EBA43A2176F617003CCBDC /* ProfileViewController.swift */; };
		D0EBA43D2177D648003CCBDC /* RateViewController.swift in Sources */ = {isa = PBXBuildFile; fileRef = D0EBA43C2177D647003CCBDC /* RateViewController.swift */; };
		D0EBA43F2177D763003CCBDC /* MyAdsViewController.swift in Sources */ = {isa = PBXBuildFile; fileRef = D0EBA43E2177D763003CCBDC /* MyAdsViewController.swift */; };
		D0EBA4412177E0C4003CCBDC /* AddAdsViewController.swift in Sources */ = {isa = PBXBuildFile; fileRef = D0EBA4402177E0C4003CCBDC /* AddAdsViewController.swift */; };
		D0EBA4442178FB52003CCBDC /* RateViewTableViewCell.swift in Sources */ = {isa = PBXBuildFile; fileRef = D0EBA4432178FB51003CCBDC /* RateViewTableViewCell.swift */; };
		D0EBA446217920B3003CCBDC /* MyAdsViewTableViewCell.swift in Sources */ = {isa = PBXBuildFile; fileRef = D0EBA445217920B3003CCBDC /* MyAdsViewTableViewCell.swift */; };
		D0EBA44A217A471E003CCBDC /* AddAdImageViewCollectionViewCell.swift in Sources */ = {isa = PBXBuildFile; fileRef = D0EBA449217A471E003CCBDC /* AddAdImageViewCollectionViewCell.swift */; };
/* End PBXBuildFile section */

/* Begin PBXFileReference section */
		4B53C458ED4DF5A9CA0B5BA7 /* Pods-Adbusters.debug.xcconfig */ = {isa = PBXFileReference; includeInIndex = 1; lastKnownFileType = text.xcconfig; name = "Pods-Adbusters.debug.xcconfig"; path = "Pods/Target Support Files/Pods-Adbusters/Pods-Adbusters.debug.xcconfig"; sourceTree = "<group>"; };
		C3DE4BCA7FA8154E16830394 /* Pods-Adbusters.release.xcconfig */ = {isa = PBXFileReference; includeInIndex = 1; lastKnownFileType = text.xcconfig; name = "Pods-Adbusters.release.xcconfig"; path = "Pods/Target Support Files/Pods-Adbusters/Pods-Adbusters.release.xcconfig"; sourceTree = "<group>"; };
		D00F54F5217BC5EE00D11A5B /* UIDropDownTextField.swift */ = {isa = PBXFileReference; lastKnownFileType = sourcecode.swift; path = UIDropDownTextField.swift; sourceTree = "<group>"; };
		D00F54F7217BC8A100D11A5B /* Assets.xcassets */ = {isa = PBXFileReference; lastKnownFileType = folder.assetcatalog; path = Assets.xcassets; sourceTree = SOURCE_ROOT; };
		D00F54F9217CFBCD00D11A5B /* PartiesViewController.swift */ = {isa = PBXFileReference; lastKnownFileType = sourcecode.swift; path = PartiesViewController.swift; sourceTree = "<group>"; };
		D00F54FB217CFC1200D11A5B /* PoliticiansViewController.swift */ = {isa = PBXFileReference; lastKnownFileType = sourcecode.swift; path = PoliticiansViewController.swift; sourceTree = "<group>"; };
		D00F54FD217D006A00D11A5B /* PartyTableViewCell.swift */ = {isa = PBXFileReference; lastKnownFileType = sourcecode.swift; path = PartyTableViewCell.swift; sourceTree = "<group>"; };
		D00F54FF217D008B00D11A5B /* PoliticianTableViewCell.swift */ = {isa = PBXFileReference; lastKnownFileType = sourcecode.swift; path = PoliticianTableViewCell.swift; sourceTree = "<group>"; };
		D00F5502217FB3E500D11A5B /* ShadowButton.swift */ = {isa = PBXFileReference; lastKnownFileType = sourcecode.swift; path = ShadowButton.swift; sourceTree = "<group>"; };
		D00F5504217FBEC700D11A5B /* InstructionsViewController.swift */ = {isa = PBXFileReference; lastKnownFileType = sourcecode.swift; path = InstructionsViewController.swift; sourceTree = "<group>"; };
		D01B08FC21B3357500961F29 /* Api.swift */ = {isa = PBXFileReference; lastKnownFileType = sourcecode.swift; path = Api.swift; sourceTree = "<group>"; };
		D036A42C21811A5200DC8F3C /* SingleAdCollectionViewCell.swift */ = {isa = PBXFileReference; lastKnownFileType = sourcecode.swift; path = SingleAdCollectionViewCell.swift; sourceTree = "<group>"; };
		D036A42E21811A9000DC8F3C /* SingleAdViewController.swift */ = {isa = PBXFileReference; lastKnownFileType = sourcecode.swift; path = SingleAdViewController.swift; sourceTree = "<group>"; };
		D0749C832174B320005CABC3 /* LoginViewController.swift */ = {isa = PBXFileReference; lastKnownFileType = sourcecode.swift; path = LoginViewController.swift; sourceTree = "<group>"; };
		D0749C852174B32F005CABC3 /* RegisterViewController.swift */ = {isa = PBXFileReference; lastKnownFileType = sourcecode.swift; path = RegisterViewController.swift; sourceTree = "<group>"; };
		D0766D0721C09DE7000A4F19 /* AdsTableViewCell.swift */ = {isa = PBXFileReference; lastKnownFileType = sourcecode.swift; path = AdsTableViewCell.swift; sourceTree = "<group>"; };
		D084447121750E1D0085A8BA /* SegueFromLeft.swift */ = {isa = PBXFileReference; fileEncoding = 4; lastKnownFileType = sourcecode.swift; path = SegueFromLeft.swift; sourceTree = "<group>"; };
		D084447221750E1D0085A8BA /* SegueFromRight.swift */ = {isa = PBXFileReference; fileEncoding = 4; lastKnownFileType = sourcecode.swift; path = SegueFromRight.swift; sourceTree = "<group>"; };
		D084447521751ED50085A8BA /* MapViewController.swift */ = {isa = PBXFileReference; lastKnownFileType = sourcecode.swift; path = MapViewController.swift; sourceTree = "<group>"; };
		D088735D2174A4B8008C8B71 /* Adbusters.app */ = {isa = PBXFileReference; explicitFileType = wrapper.application; includeInIndex = 0; path = Adbusters.app; sourceTree = BUILT_PRODUCTS_DIR; };
		D08873602174A4B8008C8B71 /* AppDelegate.swift */ = {isa = PBXFileReference; lastKnownFileType = sourcecode.swift; path = AppDelegate.swift; sourceTree = "<group>"; };
		D08873622174A4B8008C8B71 /* ViewController.swift */ = {isa = PBXFileReference; lastKnownFileType = sourcecode.swift; path = ViewController.swift; sourceTree = "<group>"; };
		D08873652174A4B8008C8B71 /* Base */ = {isa = PBXFileReference; lastKnownFileType = file.storyboard; name = Base; path = Base.lproj/Main.storyboard; sourceTree = "<group>"; };
		D08873682174A4B8008C8B71 /* Adbusters.xcdatamodel */ = {isa = PBXFileReference; lastKnownFileType = wrapper.xcdatamodel; path = Adbusters.xcdatamodel; sourceTree = "<group>"; };
		D088736D2174A4B9008C8B71 /* Base */ = {isa = PBXFileReference; lastKnownFileType = file.storyboard; name = Base; path = Base.lproj/LaunchScreen.storyboard; sourceTree = "<group>"; };
		D088736F2174A4B9008C8B71 /* Info.plist */ = {isa = PBXFileReference; lastKnownFileType = text.plist.xml; path = Info.plist; sourceTree = "<group>"; };
		D088737A2174AE85008C8B71 /* WelcomeViewController.swift */ = {isa = PBXFileReference; lastKnownFileType = sourcecode.swift; path = WelcomeViewController.swift; sourceTree = "<group>"; };
		D097E0EE22206F7700080058 /* Adbusters.entitlements */ = {isa = PBXFileReference; lastKnownFileType = text.plist.entitlements; path = Adbusters.entitlements; sourceTree = "<group>"; };
		D0AF7F2421A2036400316D4D /* AdsModel.swift */ = {isa = PBXFileReference; lastKnownFileType = sourcecode.swift; name = AdsModel.swift; path = Adbusters/Helpers/AdsModel.swift; sourceTree = SOURCE_ROOT; };
		D0BBF77721BC2E9100A80F9C /* SingleMarkerViewController.swift */ = {isa = PBXFileReference; lastKnownFileType = sourcecode.swift; path = SingleMarkerViewController.swift; sourceTree = "<group>"; };
		D0BBF77921BD4E0300A80F9C /* MulltipleMarkersViewController.swift */ = {isa = PBXFileReference; lastKnownFileType = sourcecode.swift; path = MulltipleMarkersViewController.swift; sourceTree = "<group>"; };
		D0C487E7218245C700D106BD /* SingleAdImageViewController.swift */ = {isa = PBXFileReference; lastKnownFileType = sourcecode.swift; path = SingleAdImageViewController.swift; sourceTree = "<group>"; };
		D0C487E92182519500D106BD /* AddCustomLocationViewController.swift */ = {isa = PBXFileReference; lastKnownFileType = sourcecode.swift; path = AddCustomLocationViewController.swift; sourceTree = "<group>"; };
		D0E3C34F218E53B300FD310A /* PartyAndPolitician.swift */ = {isa = PBXFileReference; lastKnownFileType = sourcecode.swift; name = PartyAndPolitician.swift; path = Adbusters/Controller/PartyAndPolitician.swift; sourceTree = SOURCE_ROOT; };
		D0E3C352218F4DB200FD310A /* Helpers.swift */ = {isa = PBXFileReference; lastKnownFileType = sourcecode.swift; path = Helpers.swift; sourceTree = "<group>"; };
		D0EBA434217526ED003CCBDC /* RoundShadowView.swift */ = {isa = PBXFileReference; lastKnownFileType = sourcecode.swift; path = RoundShadowView.swift; sourceTree = "<group>"; };
		D0EBA43621752FCD003CCBDC /* MapKit.framework */ = {isa = PBXFileReference; lastKnownFileType = wrapper.framework; name = MapKit.framework; path = System/Library/Frameworks/MapKit.framework; sourceTree = SDKROOT; };
		D0EBA43821753AFE003CCBDC /* CoreLocation.framework */ = {isa = PBXFileReference; lastKnownFileType = wrapper.framework; name = CoreLocation.framework; path = System/Library/Frameworks/CoreLocation.framework; sourceTree = SDKROOT; };
		D0EBA43A2176F617003CCBDC /* ProfileViewController.swift */ = {isa = PBXFileReference; lastKnownFileType = sourcecode.swift; path = ProfileViewController.swift; sourceTree = "<group>"; };
		D0EBA43C2177D647003CCBDC /* RateViewController.swift */ = {isa = PBXFileReference; lastKnownFileType = sourcecode.swift; path = RateViewController.swift; sourceTree = "<group>"; };
		D0EBA43E2177D763003CCBDC /* MyAdsViewController.swift */ = {isa = PBXFileReference; lastKnownFileType = sourcecode.swift; path = MyAdsViewController.swift; sourceTree = "<group>"; };
		D0EBA4402177E0C4003CCBDC /* AddAdsViewController.swift */ = {isa = PBXFileReference; lastKnownFileType = sourcecode.swift; path = AddAdsViewController.swift; sourceTree = "<group>"; };
		D0EBA4432178FB51003CCBDC /* RateViewTableViewCell.swift */ = {isa = PBXFileReference; lastKnownFileType = sourcecode.swift; path = RateViewTableViewCell.swift; sourceTree = "<group>"; };
		D0EBA445217920B3003CCBDC /* MyAdsViewTableViewCell.swift */ = {isa = PBXFileReference; lastKnownFileType = sourcecode.swift; path = MyAdsViewTableViewCell.swift; sourceTree = "<group>"; };
		D0EBA449217A471E003CCBDC /* AddAdImageViewCollectionViewCell.swift */ = {isa = PBXFileReference; lastKnownFileType = sourcecode.swift; path = AddAdImageViewCollectionViewCell.swift; sourceTree = "<group>"; };
		E12C8CCB0075BCA4D1AB8846 /* Pods_Adbusters.framework */ = {isa = PBXFileReference; explicitFileType = wrapper.framework; includeInIndex = 0; path = Pods_Adbusters.framework; sourceTree = BUILT_PRODUCTS_DIR; };
/* End PBXFileReference section */

/* Begin PBXFrameworksBuildPhase section */
		D088735A2174A4B8008C8B71 /* Frameworks */ = {
			isa = PBXFrameworksBuildPhase;
			buildActionMask = 2147483647;
			files = (
				D0EBA43921753AFF003CCBDC /* CoreLocation.framework in Frameworks */,
				D0EBA43721752FCD003CCBDC /* MapKit.framework in Frameworks */,
				34430E72EDCBBC5970431C2F /* Pods_Adbusters.framework in Frameworks */,
			);
			runOnlyForDeploymentPostprocessing = 0;
		};
/* End PBXFrameworksBuildPhase section */

/* Begin PBXGroup section */
		D084447021750DE70085A8BA /* Animations */ = {
			isa = PBXGroup;
			children = (
				D084447121750E1D0085A8BA /* SegueFromLeft.swift */,
				D084447221750E1D0085A8BA /* SegueFromRight.swift */,
			);
			path = Animations;
			sourceTree = "<group>";
		};
		D08873542174A4B8008C8B71 = {
			isa = PBXGroup;
			children = (
				D088735F2174A4B8008C8B71 /* Adbusters */,
				D088735E2174A4B8008C8B71 /* Products */,
				DA811CE56CDFFC8B5F307D4A /* Pods */,
				E746F61BD6D98528A3B8DDDD /* Frameworks */,
			);
			sourceTree = "<group>";
		};
		D088735E2174A4B8008C8B71 /* Products */ = {
			isa = PBXGroup;
			children = (
				D088735D2174A4B8008C8B71 /* Adbusters.app */,
			);
			name = Products;
			sourceTree = "<group>";
		};
		D088735F2174A4B8008C8B71 /* Adbusters */ = {
			isa = PBXGroup;
			children = (
				D097E0EE22206F7700080058 /* Adbusters.entitlements */,
				D0E3C351218F4D9800FD310A /* Helpers */,
				D08873772174A4E6008C8B71 /* Model */,
				D08873762174A4E0008C8B71 /* Controller */,
				D08873752174A4DA008C8B71 /* View */,
				D08873672174A4B8008C8B71 /* Adbusters.xcdatamodeld */,
				D00F54F7217BC8A100D11A5B /* Assets.xcassets */,
				D088736F2174A4B9008C8B71 /* Info.plist */,
			);
			path = Adbusters;
			sourceTree = "<group>";
		};
		D08873752174A4DA008C8B71 /* View */ = {
			isa = PBXGroup;
			children = (
				D08873642174A4B8008C8B71 /* Main.storyboard */,
				D088736C2174A4B9008C8B71 /* LaunchScreen.storyboard */,
			);
			path = View;
			sourceTree = "<group>";
		};
		D08873762174A4E0008C8B71 /* Controller */ = {
			isa = PBXGroup;
			children = (
				D0EBA4422178FB1C003CCBDC /* CustomCells */,
				D0EBA4332175268E003CCBDC /* Shared */,
				D084447021750DE70085A8BA /* Animations */,
				D08873602174A4B8008C8B71 /* AppDelegate.swift */,
				D08873622174A4B8008C8B71 /* ViewController.swift */,
				D0749C852174B32F005CABC3 /* RegisterViewController.swift */,
				D0749C832174B320005CABC3 /* LoginViewController.swift */,
				D088737A2174AE85008C8B71 /* WelcomeViewController.swift */,
				D084447521751ED50085A8BA /* MapViewController.swift */,
				D0EBA43A2176F617003CCBDC /* ProfileViewController.swift */,
				D0EBA43C2177D647003CCBDC /* RateViewController.swift */,
				D0EBA43E2177D763003CCBDC /* MyAdsViewController.swift */,
				D0EBA4402177E0C4003CCBDC /* AddAdsViewController.swift */,
				D00F54F9217CFBCD00D11A5B /* PartiesViewController.swift */,
				D00F54FB217CFC1200D11A5B /* PoliticiansViewController.swift */,
				D00F5504217FBEC700D11A5B /* InstructionsViewController.swift */,
				D036A42E21811A9000DC8F3C /* SingleAdViewController.swift */,
				D0C487E7218245C700D106BD /* SingleAdImageViewController.swift */,
				D0C487E92182519500D106BD /* AddCustomLocationViewController.swift */,
				D0BBF77721BC2E9100A80F9C /* SingleMarkerViewController.swift */,
				D0BBF77921BD4E0300A80F9C /* MulltipleMarkersViewController.swift */,
			);
			path = Controller;
			sourceTree = "<group>";
		};
		D08873772174A4E6008C8B71 /* Model */ = {
			isa = PBXGroup;
			children = (
				D0E3C34F218E53B300FD310A /* PartyAndPolitician.swift */,
				D0AF7F2421A2036400316D4D /* AdsModel.swift */,
			);
			path = Model;
			sourceTree = "<group>";
		};
		D0E3C351218F4D9800FD310A /* Helpers */ = {
			isa = PBXGroup;
			children = (
				D0E3C352218F4DB200FD310A /* Helpers.swift */,
				D01B08FC21B3357500961F29 /* Api.swift */,
			);
			path = Helpers;
			sourceTree = "<group>";
		};
		D0EBA4332175268E003CCBDC /* Shared */ = {
			isa = PBXGroup;
			children = (
				D0EBA434217526ED003CCBDC /* RoundShadowView.swift */,
				D00F54F5217BC5EE00D11A5B /* UIDropDownTextField.swift */,
				D00F5502217FB3E500D11A5B /* ShadowButton.swift */,
			);
			path = Shared;
			sourceTree = "<group>";
		};
		D0EBA4422178FB1C003CCBDC /* CustomCells */ = {
			isa = PBXGroup;
			children = (
				D0EBA4432178FB51003CCBDC /* RateViewTableViewCell.swift */,
				D0EBA445217920B3003CCBDC /* MyAdsViewTableViewCell.swift */,
				D0EBA449217A471E003CCBDC /* AddAdImageViewCollectionViewCell.swift */,
				D00F54FD217D006A00D11A5B /* PartyTableViewCell.swift */,
				D00F54FF217D008B00D11A5B /* PoliticianTableViewCell.swift */,
				D036A42C21811A5200DC8F3C /* SingleAdCollectionViewCell.swift */,
				D0766D0721C09DE7000A4F19 /* AdsTableViewCell.swift */,
			);
			path = CustomCells;
			sourceTree = "<group>";
		};
		DA811CE56CDFFC8B5F307D4A /* Pods */ = {
			isa = PBXGroup;
			children = (
				4B53C458ED4DF5A9CA0B5BA7 /* Pods-Adbusters.debug.xcconfig */,
				C3DE4BCA7FA8154E16830394 /* Pods-Adbusters.release.xcconfig */,
			);
			name = Pods;
			sourceTree = "<group>";
		};
		E746F61BD6D98528A3B8DDDD /* Frameworks */ = {
			isa = PBXGroup;
			children = (
				D0EBA43821753AFE003CCBDC /* CoreLocation.framework */,
				D0EBA43621752FCD003CCBDC /* MapKit.framework */,
				E12C8CCB0075BCA4D1AB8846 /* Pods_Adbusters.framework */,
			);
			name = Frameworks;
			sourceTree = "<group>";
		};
/* End PBXGroup section */

/* Begin PBXNativeTarget section */
		D088735C2174A4B8008C8B71 /* Adbusters */ = {
			isa = PBXNativeTarget;
			buildConfigurationList = D08873722174A4B9008C8B71 /* Build configuration list for PBXNativeTarget "Adbusters" */;
			buildPhases = (
				937FA8D62D09A8FAE2D66FF7 /* [CP] Check Pods Manifest.lock */,
				D08873592174A4B8008C8B71 /* Sources */,
				D088735A2174A4B8008C8B71 /* Frameworks */,
				D088735B2174A4B8008C8B71 /* Resources */,
				C64148851ECF0BC8CDD56302 /* [CP] Embed Pods Frameworks */,
			);
			buildRules = (
			);
			dependencies = (
			);
			name = Adbusters;
			productName = Adbusters;
			productReference = D088735D2174A4B8008C8B71 /* Adbusters.app */;
			productType = "com.apple.product-type.application";
		};
/* End PBXNativeTarget section */

/* Begin PBXProject section */
		D08873552174A4B8008C8B71 /* Project object */ = {
			isa = PBXProject;
			attributes = {
				LastSwiftUpdateCheck = 1000;
				LastUpgradeCheck = 1000;
				ORGANIZATIONNAME = MacBookAir;
				TargetAttributes = {
					D088735C2174A4B8008C8B71 = {
						CreatedOnToolsVersion = 10.0;
						DevelopmentTeam = Z49X2AVBQ3;
						LastSwiftMigration = 1000;
						ProvisioningStyle = Automatic;
						SystemCapabilities = {
							com.apple.Maps.iOS = {
								enabled = 1;
							};
							com.apple.Push = {
								enabled = 1;
							};
						};
					};
				};
			};
			buildConfigurationList = D08873582174A4B8008C8B71 /* Build configuration list for PBXProject "Adbusters" */;
			compatibilityVersion = "Xcode 3.2";
			developmentRegion = en;
			hasScannedForEncodings = 0;
			knownRegions = (
				en,
				Base,
			);
			mainGroup = D08873542174A4B8008C8B71;
			productRefGroup = D088735E2174A4B8008C8B71 /* Products */;
			projectDirPath = "";
			projectRoot = "";
			targets = (
				D088735C2174A4B8008C8B71 /* Adbusters */,
			);
		};
/* End PBXProject section */

/* Begin PBXResourcesBuildPhase section */
		D088735B2174A4B8008C8B71 /* Resources */ = {
			isa = PBXResourcesBuildPhase;
			buildActionMask = 2147483647;
			files = (
				D088736E2174A4B9008C8B71 /* LaunchScreen.storyboard in Resources */,
				D00F54F8217BC8A100D11A5B /* Assets.xcassets in Resources */,
				D08873662174A4B8008C8B71 /* Main.storyboard in Resources */,
			);
			runOnlyForDeploymentPostprocessing = 0;
		};
/* End PBXResourcesBuildPhase section */

/* Begin PBXShellScriptBuildPhase section */
		937FA8D62D09A8FAE2D66FF7 /* [CP] Check Pods Manifest.lock */ = {
			isa = PBXShellScriptBuildPhase;
			buildActionMask = 2147483647;
			files = (
			);
			inputFileListPaths = (
			);
			inputPaths = (
				"${PODS_PODFILE_DIR_PATH}/Podfile.lock",
				"${PODS_ROOT}/Manifest.lock",
			);
			name = "[CP] Check Pods Manifest.lock";
			outputFileListPaths = (
			);
			outputPaths = (
				"$(DERIVED_FILE_DIR)/Pods-Adbusters-checkManifestLockResult.txt",
			);
			runOnlyForDeploymentPostprocessing = 0;
			shellPath = /bin/sh;
			shellScript = "diff \"${PODS_PODFILE_DIR_PATH}/Podfile.lock\" \"${PODS_ROOT}/Manifest.lock\" > /dev/null\nif [ $? != 0 ] ; then\n    # print error to STDERR\n    echo \"error: The sandbox is not in sync with the Podfile.lock. Run 'pod install' or update your CocoaPods installation.\" >&2\n    exit 1\nfi\n# This output is used by Xcode 'outputs' to avoid re-running this script phase.\necho \"SUCCESS\" > \"${SCRIPT_OUTPUT_FILE_0}\"\n";
			showEnvVarsInLog = 0;
		};
		C64148851ECF0BC8CDD56302 /* [CP] Embed Pods Frameworks */ = {
			isa = PBXShellScriptBuildPhase;
			buildActionMask = 2147483647;
			files = (
			);
			inputFileListPaths = (
			);
			inputPaths = (
				"${SRCROOT}/Pods/Target Support Files/Pods-Adbusters/Pods-Adbusters-frameworks.sh",
				"${BUILT_PRODUCTS_DIR}/Alamofire/Alamofire.framework",
				"${BUILT_PRODUCTS_DIR}/Bolts/Bolts.framework",
				"${BUILT_PRODUCTS_DIR}/ClusterKit/ClusterKit.framework",
				"${BUILT_PRODUCTS_DIR}/DropDown/DropDown.framework",
				"${BUILT_PRODUCTS_DIR}/FBSDKCoreKit/FBSDKCoreKit.framework",
				"${BUILT_PRODUCTS_DIR}/FBSDKLoginKit/FBSDKLoginKit.framework",
				"${BUILT_PRODUCTS_DIR}/FBSDKShareKit/FBSDKShareKit.framework",
				"${BUILT_PRODUCTS_DIR}/FacebookCore/FacebookCore.framework",
				"${BUILT_PRODUCTS_DIR}/FacebookLogin/FacebookLogin.framework",
				"${BUILT_PRODUCTS_DIR}/FacebookShare/FacebookShare.framework",
				"${BUILT_PRODUCTS_DIR}/Kingfisher/Kingfisher.framework",
				"${BUILT_PRODUCTS_DIR}/Material/Material.framework",
				"${BUILT_PRODUCTS_DIR}/Motion/Motion.framework",
				"${BUILT_PRODUCTS_DIR}/SVProgressHUD/SVProgressHUD.framework",
				"${BUILT_PRODUCTS_DIR}/TweeTextField/TweeTextField.framework",
			);
			name = "[CP] Embed Pods Frameworks";
			outputFileListPaths = (
			);
			outputPaths = (
				"${TARGET_BUILD_DIR}/${FRAMEWORKS_FOLDER_PATH}/Alamofire.framework",
				"${TARGET_BUILD_DIR}/${FRAMEWORKS_FOLDER_PATH}/Bolts.framework",
				"${TARGET_BUILD_DIR}/${FRAMEWORKS_FOLDER_PATH}/ClusterKit.framework",
				"${TARGET_BUILD_DIR}/${FRAMEWORKS_FOLDER_PATH}/DropDown.framework",
				"${TARGET_BUILD_DIR}/${FRAMEWORKS_FOLDER_PATH}/FBSDKCoreKit.framework",
				"${TARGET_BUILD_DIR}/${FRAMEWORKS_FOLDER_PATH}/FBSDKLoginKit.framework",
				"${TARGET_BUILD_DIR}/${FRAMEWORKS_FOLDER_PATH}/FBSDKShareKit.framework",
				"${TARGET_BUILD_DIR}/${FRAMEWORKS_FOLDER_PATH}/FacebookCore.framework",
				"${TARGET_BUILD_DIR}/${FRAMEWORKS_FOLDER_PATH}/FacebookLogin.framework",
				"${TARGET_BUILD_DIR}/${FRAMEWORKS_FOLDER_PATH}/FacebookShare.framework",
				"${TARGET_BUILD_DIR}/${FRAMEWORKS_FOLDER_PATH}/Kingfisher.framework",
				"${TARGET_BUILD_DIR}/${FRAMEWORKS_FOLDER_PATH}/Material.framework",
				"${TARGET_BUILD_DIR}/${FRAMEWORKS_FOLDER_PATH}/Motion.framework",
				"${TARGET_BUILD_DIR}/${FRAMEWORKS_FOLDER_PATH}/SVProgressHUD.framework",
				"${TARGET_BUILD_DIR}/${FRAMEWORKS_FOLDER_PATH}/TweeTextField.framework",
			);
			runOnlyForDeploymentPostprocessing = 0;
			shellPath = /bin/sh;
			shellScript = "\"${SRCROOT}/Pods/Target Support Files/Pods-Adbusters/Pods-Adbusters-frameworks.sh\"\n";
			showEnvVarsInLog = 0;
		};
/* End PBXShellScriptBuildPhase section */

/* Begin PBXSourcesBuildPhase section */
		D08873592174A4B8008C8B71 /* Sources */ = {
			isa = PBXSourcesBuildPhase;
			buildActionMask = 2147483647;
			files = (
				D00F54F6217BC5EE00D11A5B /* UIDropDownTextField.swift in Sources */,
				D08873632174A4B8008C8B71 /* ViewController.swift in Sources */,
				D0BBF77821BC2E9100A80F9C /* SingleMarkerViewController.swift in Sources */,
				D00F5503217FB3E600D11A5B /* ShadowButton.swift in Sources */,
				D0C487E8218245C700D106BD /* SingleAdImageViewController.swift in Sources */,
				D0BBF77A21BD4E0300A80F9C /* MulltipleMarkersViewController.swift in Sources */,
				D088737B2174AE85008C8B71 /* WelcomeViewController.swift in Sources */,
				D084447421750E1D0085A8BA /* SegueFromRight.swift in Sources */,
				D00F54FE217D006A00D11A5B /* PartyTableViewCell.swift in Sources */,
				D00F5505217FBEC700D11A5B /* InstructionsViewController.swift in Sources */,
				D0C487EA2182519500D106BD /* AddCustomLocationViewController.swift in Sources */,
				D0EBA446217920B3003CCBDC /* MyAdsViewTableViewCell.swift in Sources */,
				D0EBA44A217A471E003CCBDC /* AddAdImageViewCollectionViewCell.swift in Sources */,
				D084447321750E1D0085A8BA /* SegueFromLeft.swift in Sources */,
				D0AF7F2521A2036400316D4D /* AdsModel.swift in Sources */,
				D084447621751ED50085A8BA /* MapViewController.swift in Sources */,
				D0E3C353218F4DB200FD310A /* Helpers.swift in Sources */,
				D0EBA43F2177D763003CCBDC /* MyAdsViewController.swift in Sources */,
				D0EBA4442178FB52003CCBDC /* RateViewTableViewCell.swift in Sources */,
				D0EBA435217526ED003CCBDC /* RoundShadowView.swift in Sources */,
				D0EBA43D2177D648003CCBDC /* RateViewController.swift in Sources */,
				D0766D0821C09DE7000A4F19 /* AdsTableViewCell.swift in Sources */,
				D00F54FC217CFC1200D11A5B /* PoliticiansViewController.swift in Sources */,
				D0E3C350218E53B300FD310A /* PartyAndPolitician.swift in Sources */,
				D0EBA43B2176F617003CCBDC /* ProfileViewController.swift in Sources */,
				D00F54FA217CFBCE00D11A5B /* PartiesViewController.swift in Sources */,
				D036A42D21811A5200DC8F3C /* SingleAdCollectionViewCell.swift in Sources */,
				D0EBA4412177E0C4003CCBDC /* AddAdsViewController.swift in Sources */,
				D08873612174A4B8008C8B71 /* AppDelegate.swift in Sources */,
				D0749C862174B32F005CABC3 /* RegisterViewController.swift in Sources */,
				D00F5500217D008B00D11A5B /* PoliticianTableViewCell.swift in Sources */,
				D036A42F21811A9000DC8F3C /* SingleAdViewController.swift in Sources */,
				D0749C842174B320005CABC3 /* LoginViewController.swift in Sources */,
				D01B08FD21B3357500961F29 /* Api.swift in Sources */,
				D08873692174A4B8008C8B71 /* Adbusters.xcdatamodeld in Sources */,
			);
			runOnlyForDeploymentPostprocessing = 0;
		};
/* End PBXSourcesBuildPhase section */

/* Begin PBXVariantGroup section */
		D08873642174A4B8008C8B71 /* Main.storyboard */ = {
			isa = PBXVariantGroup;
			children = (
				D08873652174A4B8008C8B71 /* Base */,
			);
			name = Main.storyboard;
			sourceTree = "<group>";
		};
		D088736C2174A4B9008C8B71 /* LaunchScreen.storyboard */ = {
			isa = PBXVariantGroup;
			children = (
				D088736D2174A4B9008C8B71 /* Base */,
			);
			name = LaunchScreen.storyboard;
			sourceTree = "<group>";
		};
/* End PBXVariantGroup section */

/* Begin XCBuildConfiguration section */
		D08873702174A4B9008C8B71 /* Debug */ = {
			isa = XCBuildConfiguration;
			buildSettings = {
				ALWAYS_SEARCH_USER_PATHS = NO;
				CLANG_ANALYZER_NONNULL = YES;
				CLANG_ANALYZER_NUMBER_OBJECT_CONVERSION = YES_AGGRESSIVE;
				CLANG_CXX_LANGUAGE_STANDARD = "gnu++14";
				CLANG_CXX_LIBRARY = "libc++";
				CLANG_ENABLE_MODULES = YES;
				CLANG_ENABLE_OBJC_ARC = YES;
				CLANG_ENABLE_OBJC_WEAK = YES;
				CLANG_WARN_BLOCK_CAPTURE_AUTORELEASING = YES;
				CLANG_WARN_BOOL_CONVERSION = YES;
				CLANG_WARN_COMMA = YES;
				CLANG_WARN_CONSTANT_CONVERSION = YES;
				CLANG_WARN_DEPRECATED_OBJC_IMPLEMENTATIONS = YES;
				CLANG_WARN_DIRECT_OBJC_ISA_USAGE = YES_ERROR;
				CLANG_WARN_DOCUMENTATION_COMMENTS = YES;
				CLANG_WARN_EMPTY_BODY = YES;
				CLANG_WARN_ENUM_CONVERSION = YES;
				CLANG_WARN_INFINITE_RECURSION = YES;
				CLANG_WARN_INT_CONVERSION = YES;
				CLANG_WARN_NON_LITERAL_NULL_CONVERSION = YES;
				CLANG_WARN_OBJC_IMPLICIT_RETAIN_SELF = YES;
				CLANG_WARN_OBJC_LITERAL_CONVERSION = YES;
				CLANG_WARN_OBJC_ROOT_CLASS = YES_ERROR;
				CLANG_WARN_RANGE_LOOP_ANALYSIS = YES;
				CLANG_WARN_STRICT_PROTOTYPES = YES;
				CLANG_WARN_SUSPICIOUS_MOVE = YES;
				CLANG_WARN_UNGUARDED_AVAILABILITY = YES_AGGRESSIVE;
				CLANG_WARN_UNREACHABLE_CODE = YES;
				CLANG_WARN__DUPLICATE_METHOD_MATCH = YES;
				CODE_SIGN_IDENTITY = "iPhone Developer";
				COPY_PHASE_STRIP = NO;
				DEBUG_INFORMATION_FORMAT = dwarf;
				DEVELOPMENT_TEAM = Z49X2AVBQ3;
				ENABLE_STRICT_OBJC_MSGSEND = YES;
				ENABLE_TESTABILITY = YES;
				GCC_C_LANGUAGE_STANDARD = gnu11;
				GCC_DYNAMIC_NO_PIC = NO;
				GCC_NO_COMMON_BLOCKS = YES;
				GCC_OPTIMIZATION_LEVEL = 0;
				GCC_PREPROCESSOR_DEFINITIONS = (
					"DEBUG=1",
					"$(inherited)",
				);
				GCC_WARN_64_TO_32_BIT_CONVERSION = YES;
				GCC_WARN_ABOUT_RETURN_TYPE = YES_ERROR;
				GCC_WARN_UNDECLARED_SELECTOR = YES;
				GCC_WARN_UNINITIALIZED_AUTOS = YES_AGGRESSIVE;
				GCC_WARN_UNUSED_FUNCTION = YES;
				GCC_WARN_UNUSED_VARIABLE = YES;
				IPHONEOS_DEPLOYMENT_TARGET = 10.0;
				MTL_ENABLE_DEBUG_INFO = INCLUDE_SOURCE;
				MTL_FAST_MATH = YES;
				ONLY_ACTIVE_ARCH = YES;
				SDKROOT = iphoneos;
				SWIFT_ACTIVE_COMPILATION_CONDITIONS = DEBUG;
				SWIFT_OPTIMIZATION_LEVEL = "-Onone";
			};
			name = Debug;
		};
		D08873712174A4B9008C8B71 /* Release */ = {
			isa = XCBuildConfiguration;
			buildSettings = {
				ALWAYS_SEARCH_USER_PATHS = NO;
				CLANG_ANALYZER_NONNULL = YES;
				CLANG_ANALYZER_NUMBER_OBJECT_CONVERSION = YES_AGGRESSIVE;
				CLANG_CXX_LANGUAGE_STANDARD = "gnu++14";
				CLANG_CXX_LIBRARY = "libc++";
				CLANG_ENABLE_MODULES = YES;
				CLANG_ENABLE_OBJC_ARC = YES;
				CLANG_ENABLE_OBJC_WEAK = YES;
				CLANG_WARN_BLOCK_CAPTURE_AUTORELEASING = YES;
				CLANG_WARN_BOOL_CONVERSION = YES;
				CLANG_WARN_COMMA = YES;
				CLANG_WARN_CONSTANT_CONVERSION = YES;
				CLANG_WARN_DEPRECATED_OBJC_IMPLEMENTATIONS = YES;
				CLANG_WARN_DIRECT_OBJC_ISA_USAGE = YES_ERROR;
				CLANG_WARN_DOCUMENTATION_COMMENTS = YES;
				CLANG_WARN_EMPTY_BODY = YES;
				CLANG_WARN_ENUM_CONVERSION = YES;
				CLANG_WARN_INFINITE_RECURSION = YES;
				CLANG_WARN_INT_CONVERSION = YES;
				CLANG_WARN_NON_LITERAL_NULL_CONVERSION = YES;
				CLANG_WARN_OBJC_IMPLICIT_RETAIN_SELF = YES;
				CLANG_WARN_OBJC_LITERAL_CONVERSION = YES;
				CLANG_WARN_OBJC_ROOT_CLASS = YES_ERROR;
				CLANG_WARN_RANGE_LOOP_ANALYSIS = YES;
				CLANG_WARN_STRICT_PROTOTYPES = YES;
				CLANG_WARN_SUSPICIOUS_MOVE = YES;
				CLANG_WARN_UNGUARDED_AVAILABILITY = YES_AGGRESSIVE;
				CLANG_WARN_UNREACHABLE_CODE = YES;
				CLANG_WARN__DUPLICATE_METHOD_MATCH = YES;
				CODE_SIGN_IDENTITY = "iPhone Developer";
				COPY_PHASE_STRIP = NO;
				DEBUG_INFORMATION_FORMAT = "dwarf-with-dsym";
				DEVELOPMENT_TEAM = Z49X2AVBQ3;
				ENABLE_NS_ASSERTIONS = NO;
				ENABLE_STRICT_OBJC_MSGSEND = YES;
				GCC_C_LANGUAGE_STANDARD = gnu11;
				GCC_NO_COMMON_BLOCKS = YES;
				GCC_WARN_64_TO_32_BIT_CONVERSION = YES;
				GCC_WARN_ABOUT_RETURN_TYPE = YES_ERROR;
				GCC_WARN_UNDECLARED_SELECTOR = YES;
				GCC_WARN_UNINITIALIZED_AUTOS = YES_AGGRESSIVE;
				GCC_WARN_UNUSED_FUNCTION = YES;
				GCC_WARN_UNUSED_VARIABLE = YES;
				IPHONEOS_DEPLOYMENT_TARGET = 10.0;
				MTL_ENABLE_DEBUG_INFO = NO;
				MTL_FAST_MATH = YES;
				ONLY_ACTIVE_ARCH = YES;
				SDKROOT = iphoneos;
				SWIFT_OPTIMIZATION_LEVEL = "-Owholemodule";
				VALIDATE_PRODUCT = YES;
			};
			name = Release;
		};
		D08873732174A4B9008C8B71 /* Debug */ = {
			isa = XCBuildConfiguration;
			baseConfigurationReference = 4B53C458ED4DF5A9CA0B5BA7 /* Pods-Adbusters.debug.xcconfig */;
			buildSettings = {
				ASSETCATALOG_COMPILER_APPICON_NAME = AppIcon;
				CODE_SIGN_ENTITLEMENTS = Adbusters/Adbusters.entitlements;
				CODE_SIGN_STYLE = Automatic;
				DEVELOPMENT_TEAM = Z49X2AVBQ3;
				INFOPLIST_FILE = Adbusters/Info.plist;
				IPHONEOS_DEPLOYMENT_TARGET = 10.3;
				LD_RUNPATH_SEARCH_PATHS = "$(inherited) @executable_path/Frameworks";
				PRODUCT_BUNDLE_IDENTIFIER = org.chesno.declarationsIOS;
				PRODUCT_NAME = "$(TARGET_NAME)";
				SWIFT_VERSION = 4.2;
				TARGETED_DEVICE_FAMILY = 1;
				VALIDATE_PRODUCT = YES;
			};
			name = Debug;
		};
		D08873742174A4B9008C8B71 /* Release */ = {
			isa = XCBuildConfiguration;
			baseConfigurationReference = C3DE4BCA7FA8154E16830394 /* Pods-Adbusters.release.xcconfig */;
			buildSettings = {
				ASSETCATALOG_COMPILER_APPICON_NAME = AppIcon;
				CODE_SIGN_ENTITLEMENTS = Adbusters/Adbusters.entitlements;
				CODE_SIGN_STYLE = Automatic;
				DEVELOPMENT_TEAM = Z49X2AVBQ3;
				INFOPLIST_FILE = Adbusters/Info.plist;
				IPHONEOS_DEPLOYMENT_TARGET = 10.3;
				LD_RUNPATH_SEARCH_PATHS = "$(inherited) @executable_path/Frameworks";
				PRODUCT_BUNDLE_IDENTIFIER = org.chesno.declarationsIOS;
				PRODUCT_NAME = "$(TARGET_NAME)";
				SWIFT_VERSION = 4.2;
				TARGETED_DEVICE_FAMILY = 1;
			};
			name = Release;
		};
/* End XCBuildConfiguration section */

/* Begin XCConfigurationList section */
		D08873582174A4B8008C8B71 /* Build configuration list for PBXProject "Adbusters" */ = {
			isa = XCConfigurationList;
			buildConfigurations = (
				D08873702174A4B9008C8B71 /* Debug */,
				D08873712174A4B9008C8B71 /* Release */,
			);
			defaultConfigurationIsVisible = 0;
			defaultConfigurationName = Release;
		};
		D08873722174A4B9008C8B71 /* Build configuration list for PBXNativeTarget "Adbusters" */ = {
			isa = XCConfigurationList;
			buildConfigurations = (
				D08873732174A4B9008C8B71 /* Debug */,
				D08873742174A4B9008C8B71 /* Release */,
			);
			defaultConfigurationIsVisible = 0;
			defaultConfigurationName = Release;
		};
/* End XCConfigurationList section */

/* Begin XCVersionGroup section */
		D08873672174A4B8008C8B71 /* Adbusters.xcdatamodeld */ = {
			isa = XCVersionGroup;
			children = (
				D08873682174A4B8008C8B71 /* Adbusters.xcdatamodel */,
			);
			currentVersion = D08873682174A4B8008C8B71 /* Adbusters.xcdatamodel */;
			path = Adbusters.xcdatamodeld;
			sourceTree = "<group>";
			versionGroupType = wrapper.xcdatamodel;
		};
/* End XCVersionGroup section */
	};
	rootObject = D08873552174A4B8008C8B71 /* Project object */;
}
